
Microsoft Visual Studio Solution File, Format Version 12.00
# Visual Studio Version 17
VisualStudioVersion = 17.3.32901.215
MinimumVisualStudioVersion = 10.0.40219.1
Project("{FAE04EC0-301F-11D3-BF4B-00C04F79EFBC}") = "DiversHotel", "DiversHotel.csproj", "{3D84A327-A3E3-48B9-8A22-97F421A4D975}"
EndProject
Global
	GlobalSection(SolutionConfigurationPlatforms) = preSolution
		Debug|Any CPU = Debug|Any CPU
		Release|Any CPU = Release|Any CPU
	EndGlobalSection
	GlobalSection(ProjectConfigurationPlatforms) = postSolution
		{3D84A327-A3E3-48B9-8A22-97F421A4D975}.Debug|Any CPU.ActiveCfg = Debug|Any CPU
		{3D84A327-A3E3-48B9-8A22-97F421A4D975}.Debug|Any CPU.Build.0 = Debug|Any CPU
		{3D84A327-A3E3-48B9-8A22-97F421A4D975}.Release|Any CPU.ActiveCfg = Release|Any CPU
		{3D84A327-A3E3-48B9-8A22-97F421A4D975}.Release|Any CPU.Build.0 = Release|Any CPU
	EndGlobalSection
	GlobalSection(SolutionProperties) = preSolution
		HideSolutionNode = FALSE
	EndGlobalSection
	GlobalSection(ExtensibilityGlobals) = postSolution
		SolutionGuid = {5DE33EFE-5D2F-4E33-A6D1-8F8C5EF797CA}
	EndGlobalSection
EndGlobal
